// !$*UTF8*$!
{
	archiveVersion = 1;
	classes = {
	};
	objectVersion = 50;
	objects = {

/* Begin PBXBuildFile section */
		DF15DC3B212AE9D000C33392 /* background.jpeg in Resources */ = {isa = PBXBuildFile; fileRef = DF15DC3A212AE9D000C33392 /* background.jpeg */; };
		DFD6BA912126F30E008133C7 /* AppDelegate.swift in Sources */ = {isa = PBXBuildFile; fileRef = DFD6BA902126F30E008133C7 /* AppDelegate.swift */; };
		DFD6BA932126F30E008133C7 /* ViewController.swift in Sources */ = {isa = PBXBuildFile; fileRef = DFD6BA922126F30E008133C7 /* ViewController.swift */; };
		DFD6BA962126F30E008133C7 /* Main.storyboard in Resources */ = {isa = PBXBuildFile; fileRef = DFD6BA942126F30E008133C7 /* Main.storyboard */; };
		DFD6BA992126F30E008133C7 /* newapp.xcdatamodeld in Sources */ = {isa = PBXBuildFile; fileRef = DFD6BA972126F30E008133C7 /* newapp.xcdatamodeld */; };
		DFD6BA9B2126F30F008133C7 /* Assets.xcassets in Resources */ = {isa = PBXBuildFile; fileRef = DFD6BA9A2126F30F008133C7 /* Assets.xcassets */; };
		DFD6BA9E2126F30F008133C7 /* LaunchScreen.storyboard in Resources */ = {isa = PBXBuildFile; fileRef = DFD6BA9C2126F30F008133C7 /* LaunchScreen.storyboard */; };
/* End PBXBuildFile section */

/* Begin PBXFileReference section */
		DF15DC3A212AE9D000C33392 /* background.jpeg */ = {isa = PBXFileReference; lastKnownFileType = image.jpeg; name = background.jpeg; path = ../../../../Downloads/background.jpeg; sourceTree = "<group>"; };
		DFD6BA8D2126F30E008133C7 /* newapp.app */ = {isa = PBXFileReference; explicitFileType = wrapper.application; includeInIndex = 0; path = newapp.app; sourceTree = BUILT_PRODUCTS_DIR; };
		DFD6BA902126F30E008133C7 /* AppDelegate.swift */ = {isa = PBXFileReference; lastKnownFileType = sourcecode.swift; path = AppDelegate.swift; sourceTree = "<group>"; };
		DFD6BA922126F30E008133C7 /* ViewController.swift */ = {isa = PBXFileReference; lastKnownFileType = sourcecode.swift; path = ViewController.swift; sourceTree = "<group>"; };
		DFD6BA952126F30E008133C7 /* Base */ = {isa = PBXFileReference; lastKnownFileType = file.storyboard; name = Base; path = Base.lproj/Main.storyboard; sourceTree = "<group>"; };
		DFD6BA982126F30E008133C7 /* newapp.xcdatamodel */ = {isa = PBXFileReference; lastKnownFileType = wrapper.xcdatamodel; path = newapp.xcdatamodel; sourceTree = "<group>"; };
		DFD6BA9A2126F30F008133C7 /* Assets.xcassets */ = {isa = PBXFileReference; lastKnownFileType = folder.assetcatalog; path = Assets.xcassets; sourceTree = "<group>"; };
		DFD6BA9D2126F30F008133C7 /* Base */ = {isa = PBXFileReference; lastKnownFileType = file.storyboard; name = Base; path = Base.lproj/LaunchScreen.storyboard; sourceTree = "<group>"; };
		DFD6BA9F2126F30F008133C7 /* Info.plist */ = {isa = PBXFileReference; lastKnownFileType = text.plist.xml; path = Info.plist; sourceTree = "<group>"; };
/* End PBXFileReference section */

/* Begin PBXFrameworksBuildPhase section */
		DFD6BA8A2126F30E008133C7 /* Frameworks */ = {
			isa = PBXFrameworksBuildPhase;
			buildActionMask = 2147483647;
			files = (
			);
			runOnlyForDeploymentPostprocessing = 0;
		};
/* End PBXFrameworksBuildPhase section */

/* Begin PBXGroup section */
		DFD6BA842126F30E008133C7 = {
			isa = PBXGroup;
			children = (
				DFD6BA8F2126F30E008133C7 /* newapp */,
				DFD6BA8E2126F30E008133C7 /* Products */,
			);
			sourceTree = "<group>";
		};
		DFD6BA8E2126F30E008133C7 /* Products */ = {
			isa = PBXGroup;
			children = (
				DFD6BA8D2126F30E008133C7 /* newapp.app */,
			);
			name = Products;
			sourceTree = "<group>";
		};
		DFD6BA8F2126F30E008133C7 /* newapp */ = {
			isa = PBXGroup;
			children = (
				DFD6BA902126F30E008133C7 /* AppDelegate.swift */,
				DFD6BA922126F30E008133C7 /* ViewController.swift */,
				DFD6BA942126F30E008133C7 /* Main.storyboard */,
				DFD6BA9A2126F30F008133C7 /* Assets.xcassets */,
				DF15DC3A212AE9D000C33392 /* background.jpeg */,
				DFD6BA9C2126F30F008133C7 /* LaunchScreen.storyboard */,
				DFD6BA9F2126F30F008133C7 /* Info.plist */,
				DFD6BA972126F30E008133C7 /* newapp.xcdatamodeld */,
			);
			path = newapp;
			sourceTree = "<group>";
		};
/* End PBXGroup section */

/* Begin PBXNativeTarget section */
		DFD6BA8C2126F30E008133C7 /* newapp */ = {
			isa = PBXNativeTarget;
			buildConfigurationList = DFD6BAA22126F30F008133C7 /* Build configuration list for PBXNativeTarget "newapp" */;
			buildPhases = (
				DFD6BA892126F30E008133C7 /* Sources */,
				DFD6BA8A2126F30E008133C7 /* Frameworks */,
				DFD6BA8B2126F30E008133C7 /* Resources */,
			);
			buildRules = (
			);
			dependencies = (
			);
			name = newapp;
			productName = newapp;
			productReference = DFD6BA8D2126F30E008133C7 /* newapp.app */;
			productType = "com.apple.product-type.application";
		};
/* End PBXNativeTarget section */

/* Begin PBXProject section */
		DFD6BA852126F30E008133C7 /* Project object */ = {
			isa = PBXProject;
			attributes = {
				LastSwiftUpdateCheck = 0940;
				LastUpgradeCheck = 0940;
				ORGANIZATIONNAME = Vikhyath;
				TargetAttributes = {
					DFD6BA8C2126F30E008133C7 = {
						CreatedOnToolsVersion = 9.4.1;
					};
				};
			};
			buildConfigurationList = DFD6BA882126F30E008133C7 /* Build configuration list for PBXProject "newapp" */;
			compatibilityVersion = "Xcode 9.3";
			developmentRegion = en;
			hasScannedForEncodings = 0;
			knownRegions = (
				en,
				Base,
			);
			mainGroup = DFD6BA842126F30E008133C7;
			productRefGroup = DFD6BA8E2126F30E008133C7 /* Products */;
			projectDirPath = "";
			projectRoot = "";
			targets = (
				DFD6BA8C2126F30E008133C7 /* newapp */,
			);
		};
/* End PBXProject section */

/* Begin PBXResourcesBuildPhase section */
		DFD6BA8B2126F30E008133C7 /* Resources */ = {
			isa = PBXResourcesBuildPhase;
			buildActionMask = 2147483647;
			files = (
				DFD6BA9E2126F30F008133C7 /* LaunchScreen.storyboard in Resources */,
				DFD6BA9B2126F30F008133C7 /* Assets.xcassets in Resources */,
				DFD6BA962126F30E008133C7 /* Main.storyboard in Resources */,
				DF15DC3B212AE9D000C33392 /* background.jpeg in Resources */,
			);
			runOnlyForDeploymentPostprocessing = 0;
		};
/* End PBXResourcesBuildPhase section */

/* Begin PBXSourcesBuildPhase section */
		DFD6BA892126F30E008133C7 /* Sources */ = {
			isa = PBXSourcesBuildPhase;
			buildActionMask = 2147483647;
			files = (
				DFD6BA992126F30E008133C7 /* newapp.xcdatamodeld in Sources */,
				DFD6BA932126F30E008133C7 /* ViewController.swift in Sources */,
				DFD6BA912126F30E008133C7 /* AppDelegate.swift in Sources */,
			);
			runOnlyForDeploymentPostprocessing = 0;
		};
/* End PBXSourcesBuildPhase section */

/* Begin PBXVariantGroup section */
		DFD6BA942126F30E008133C7 /* Main.storyboard */ = {
			isa = PBXVariantGroup;
			children = (
				DFD6BA952126F30E008133C7 /* Base */,
			);
			name = Main.storyboard;
			sourceTree = "<group>";
		};
		DFD6BA9C2126F30F008133C7 /* LaunchScreen.storyboard */ = {
			isa = PBXVariantGroup;
			children = (
				DFD6BA9D2126F30F008133C7 /* Base */,
			);
			name = LaunchScreen.storyboard;
			sourceTree = "<group>";
		};
/* End PBXVariantGroup section */

/* Begin XCBuildConfiguration section */
		DFD6BAA02126F30F008133C7 /* Debug */ = {
			isa = XCBuildConfiguration;
			buildSettings = {
				ALWAYS_SEARCH_USER_PATHS = NO;
				CLANG_ANALYZER_NONNULL = YES;
				CLANG_ANALYZER_NUMBER_OBJECT_CONVERSION = YES_AGGRESSIVE;
				CLANG_CXX_LANGUAGE_STANDARD = "gnu++14";
				CLANG_CXX_LIBRARY = "libc++";
				CLANG_ENABLE_MODULES = YES;
				CLANG_ENABLE_OBJC_ARC = YES;
				CLANG_ENABLE_OBJC_WEAK = YES;
				CLANG_WARN_BLOCK_CAPTURE_AUTORELEASING = YES;
				CLANG_WARN_BOOL_CONVERSION = YES;
				CLANG_WARN_COMMA = YES;
				CLANG_WARN_CONSTANT_CONVERSION = YES;
				CLANG_WARN_DEPRECATED_OBJC_IMPLEMENTATIONS = YES;
				CLANG_WARN_DIRECT_OBJC_ISA_USAGE = YES_ERROR;
				CLANG_WARN_DOCUMENTATION_COMMENTS = YES;
				CLANG_WARN_EMPTY_BODY = YES;
				CLANG_WARN_ENUM_CONVERSION = YES;
				CLANG_WARN_INFINITE_RECURSION = YES;
				CLANG_WARN_INT_CONVERSION = YES;
				CLANG_WARN_NON_LITERAL_NULL_CONVERSION = YES;
				CLANG_WARN_OBJC_IMPLICIT_RETAIN_SELF = YES;
				CLANG_WARN_OBJC_LITERAL_CONVERSION = YES;
				CLANG_WARN_OBJC_ROOT_CLASS = YES_ERROR;
				CLANG_WARN_RANGE_LOOP_ANALYSIS = YES;
				CLANG_WARN_STRICT_PROTOTYPES = YES;
				CLANG_WARN_SUSPICIOUS_MOVE = YES;
				CLANG_WARN_UNGUARDED_AVAILABILITY = YES_AGGRESSIVE;
				CLANG_WARN_UNREACHABLE_CODE = YES;
				CLANG_WARN__DUPLICATE_METHOD_MATCH = YES;
				CODE_SIGN_IDENTITY = "iPhone Developer";
				COPY_PHASE_STRIP = NO;
				DEBUG_INFORMATION_FORMAT = dwarf;
				ENABLE_STRICT_OBJC_MSGSEND = YES;
				ENABLE_TESTABILITY = YES;
				GCC_C_LANGUAGE_STANDARD = gnu11;
				GCC_DYNAMIC_NO_PIC = NO;
				GCC_NO_COMMON_BLOCKS = YES;
				GCC_OPTIMIZATION_LEVEL = 0;
				GCC_PREPROCESSOR_DEFINITIONS = (
					"DEBUG=1",
					"$(inherited)",
				);
				GCC_WARN_64_TO_32_BIT_CONVERSION = YES;
				GCC_WARN_ABOUT_RETURN_TYPE = YES_ERROR;
				GCC_WARN_UNDECLARED_SELECTOR = YES;
				GCC_WARN_UNINITIALIZED_AUTOS = YES_AGGRESSIVE;
				GCC_WARN_UNUSED_FUNCTION = YES;
				GCC_WARN_UNUSED_VARIABLE = YES;
				IPHONEOS_DEPLOYMENT_TARGET = 11.4;
				MTL_ENABLE_DEBUG_INFO = YES;
				ONLY_ACTIVE_ARCH = YES;
				SDKROOT = iphoneos;
				SWIFT_ACTIVE_COMPILATION_CONDITIONS = DEBUG;
				SWIFT_OPTIMIZATION_LEVEL = "-Onone";
			};
			name = Debug;
		};
		DFD6BAA12126F30F008133C7 /* Release */ = {
			isa = XCBuildConfiguration;
			buildSettings = {
				ALWAYS_SEARCH_USER_PATHS = NO;
				CLANG_ANALYZER_NONNULL = YES;
				CLANG_ANALYZER_NUMBER_OBJECT_CONVERSION = YES_AGGRESSIVE;
				CLANG_CXX_LANGUAGE_STANDARD = "gnu++14";
				CLANG_CXX_LIBRARY = "libc++";
				CLANG_ENABLE_MODULES = YES;
				CLANG_ENABLE_OBJC_ARC = YES;
				CLANG_ENABLE_OBJC_WEAK = YES;
				CLANG_WARN_BLOCK_CAPTURE_AUTORELEASING = YES;
				CLANG_WARN_BOOL_CONVERSION = YES;
				CLANG_WARN_COMMA = YES;
				CLANG_WARN_CONSTANT_CONVERSION = YES;
				CLANG_WARN_DEPRECATED_OBJC_IMPLEMENTATIONS = YES;
				CLANG_WARN_DIRECT_OBJC_ISA_USAGE = YES_ERROR;
				CLANG_WARN_DOCUMENTATION_COMMENTS = YES;
				CLANG_WARN_EMPTY_BODY = YES;
				CLANG_WARN_ENUM_CONVERSION = YES;
				CLANG_WARN_INFINITE_RECURSION = YES;
				CLANG_WARN_INT_CONVERSION = YES;
				CLANG_WARN_NON_LITERAL_NULL_CONVERSION = YES;
				CLANG_WARN_OBJC_IMPLICIT_RETAIN_SELF = YES;
				CLANG_WARN_OBJC_LITERAL_CONVERSION = YES;
				CLANG_WARN_OBJC_ROOT_CLASS = YES_ERROR;
				CLANG_WARN_RANGE_LOOP_ANALYSIS = YES;
				CLANG_WARN_STRICT_PROTOTYPES = YES;
				CLANG_WARN_SUSPICIOUS_MOVE = YES;
				CLANG_WARN_UNGUARDED_AVAILABILITY = YES_AGGRESSIVE;
				CLANG_WARN_UNREACHABLE_CODE = YES;
				CLANG_WARN__DUPLICATE_METHOD_MATCH = YES;
				CODE_SIGN_IDENTITY = "iPhone Developer";
				COPY_PHASE_STRIP = NO;
				DEBUG_INFORMATION_FORMAT = "dwarf-with-dsym";
				ENABLE_NS_ASSERTIONS = NO;
				ENABLE_STRICT_OBJC_MSGSEND = YES;
				GCC_C_LANGUAGE_STANDARD = gnu11;
				GCC_NO_COMMON_BLOCKS = YES;
				GCC_WARN_64_TO_32_BIT_CONVERSION = YES;
				GCC_WARN_ABOUT_RETURN_TYPE = YES_ERROR;
				GCC_WARN_UNDECLARED_SELECTOR = YES;
				GCC_WARN_UNINITIALIZED_AUTOS = YES_AGGRESSIVE;
				GCC_WARN_UNUSED_FUNCTION = YES;
				GCC_WARN_UNUSED_VARIABLE = YES;
				IPHONEOS_DEPLOYMENT_TARGET = 11.4;
				MTL_ENABLE_DEBUG_INFO = NO;
				SDKROOT = iphoneos;
				SWIFT_COMPILATION_MODE = wholemodule;
				SWIFT_OPTIMIZATION_LEVEL = "-O";
				VALIDATE_PRODUCT = YES;
			};
			name = Release;
		};
		DFD6BAA32126F30F008133C7 /* Debug */ = {
			isa = XCBuildConfiguration;
			buildSettings = {
				ASSETCATALOG_COMPILER_APPICON_NAME = AppIcon;
				CODE_SIGN_STYLE = Automatic;
				INFOPLIST_FILE = newapp/Info.plist;
				LD_RUNPATH_SEARCH_PATHS = (
					"$(inherited)",
					"@executable_path/Frameworks",
				);
				PRODUCT_BUNDLE_IDENTIFIER = Ymedia.newapp;
				PRODUCT_NAME = "$(TARGET_NAME)";
				SWIFT_VERSION = 4.0;
				TARGETED_DEVICE_FAMILY = "1,2";
			};
			name = Debug;
		};
		DFD6BAA42126F30F008133C7 /* Release */ = {
			isa = XCBuildConfiguration;
			buildSettings = {
				ASSETCATALOG_COMPILER_APPICON_NAME = AppIcon;
				CODE_SIGN_STYLE = Automatic;
				INFOPLIST_FILE = newapp/Info.plist;
				LD_RUNPATH_SEARCH_PATHS = (
					"$(inherited)",
					"@executable_path/Frameworks",
				);
				PRODUCT_BUNDLE_IDENTIFIER = Ymedia.newapp;
				PRODUCT_NAME = "$(TARGET_NAME)";
				SWIFT_VERSION = 4.0;
				TARGETED_DEVICE_FAMILY = "1,2";
			};
			name = Release;
		};
/* End XCBuildConfiguration section */

/* Begin XCConfigurationList section */
		DFD6BA882126F30E008133C7 /* Build configuration list for PBXProject "newapp" */ = {
			isa = XCConfigurationList;
			buildConfigurations = (
				DFD6BAA02126F30F008133C7 /* Debug */,
				DFD6BAA12126F30F008133C7 /* Release */,
			);
			defaultConfigurationIsVisible = 0;
			defaultConfigurationName = Release;
		};
		DFD6BAA22126F30F008133C7 /* Build configuration list for PBXNativeTarget "newapp" */ = {
			isa = XCConfigurationList;
			buildConfigurations = (
				DFD6BAA32126F30F008133C7 /* Debug */,
				DFD6BAA42126F30F008133C7 /* Release */,
			);
			defaultConfigurationIsVisible = 0;
			defaultConfigurationName = Release;
		};
/* End XCConfigurationList section */

/* Begin XCVersionGroup section */
		DFD6BA972126F30E008133C7 /* newapp.xcdatamodeld */ = {
			isa = XCVersionGroup;
			children = (
				DFD6BA982126F30E008133C7 /* newapp.xcdatamodel */,
			);
			currentVersion = DFD6BA982126F30E008133C7 /* newapp.xcdatamodel */;
			path = newapp.xcdatamodeld;
			sourceTree = "<group>";
			versionGroupType = wrapper.xcdatamodel;
		};
/* End XCVersionGroup section */
	};
	rootObject = DFD6BA852126F30E008133C7 /* Project object */;
}
